// !$*UTF8*$!
{
	archiveVersion = 1;
	classes = {
	};
	objectVersion = 55;
	objects = {

/* Begin PBXBuildFile section */
		3FF3E9C328921F4100B0F962 /* AppDelegate.swift in Sources */ = {isa = PBXBuildFile; fileRef = 3FF3E9C228921F4100B0F962 /* AppDelegate.swift */; };
		3FF3E9C528921F4100B0F962 /* SceneDelegate.swift in Sources */ = {isa = PBXBuildFile; fileRef = 3FF3E9C428921F4100B0F962 /* SceneDelegate.swift */; };
		3FF3E9C728921F4100B0F962 /* ViewController.swift in Sources */ = {isa = PBXBuildFile; fileRef = 3FF3E9C628921F4100B0F962 /* ViewController.swift */; };
		3FF3E9CA28921F4100B0F962 /* Main.storyboard in Resources */ = {isa = PBXBuildFile; fileRef = 3FF3E9C828921F4100B0F962 /* Main.storyboard */; };
		3FF3E9CC28921F4100B0F962 /* Assets.xcassets in Resources */ = {isa = PBXBuildFile; fileRef = 3FF3E9CB28921F4100B0F962 /* Assets.xcassets */; };
		3FF3E9CF28921F4100B0F962 /* LaunchScreen.storyboard in Resources */ = {isa = PBXBuildFile; fileRef = 3FF3E9CD28921F4100B0F962 /* LaunchScreen.storyboard */; };
		3FF3E9EE28930EA500B0F962 /* InfoTableTableViewController.swift in Sources */ = {isa = PBXBuildFile; fileRef = 3FF3E9ED28930EA500B0F962 /* InfoTableTableViewController.swift */; };
		3FF3E9F028930ECD00B0F962 /* ChoiceViewController.swift in Sources */ = {isa = PBXBuildFile; fileRef = 3FF3E9EF28930ECD00B0F962 /* ChoiceViewController.swift */; };
		3FF3E9F228930F4000B0F962 /* Info.swift in Sources */ = {isa = PBXBuildFile; fileRef = 3FF3E9F128930F4000B0F962 /* Info.swift */; };
		3FF3E9F42893117500B0F962 /* InfoTableViewCell.swift in Sources */ = {isa = PBXBuildFile; fileRef = 3FF3E9F32893117500B0F962 /* InfoTableViewCell.swift */; };
/* End PBXBuildFile section */

/* Begin PBXFileReference section */
		3FF3E9BF28921F4100B0F962 /* LIB.app */ = {isa = PBXFileReference; explicitFileType = wrapper.application; includeInIndex = 0; path = LIB.app; sourceTree = BUILT_PRODUCTS_DIR; };
		3FF3E9C228921F4100B0F962 /* AppDelegate.swift */ = {isa = PBXFileReference; lastKnownFileType = sourcecode.swift; path = AppDelegate.swift; sourceTree = "<group>"; };
		3FF3E9C428921F4100B0F962 /* SceneDelegate.swift */ = {isa = PBXFileReference; lastKnownFileType = sourcecode.swift; path = SceneDelegate.swift; sourceTree = "<group>"; };
		3FF3E9C628921F4100B0F962 /* ViewController.swift */ = {isa = PBXFileReference; lastKnownFileType = sourcecode.swift; path = ViewController.swift; sourceTree = "<group>"; };
		3FF3E9C928921F4100B0F962 /* Base */ = {isa = PBXFileReference; lastKnownFileType = file.storyboard; name = Base; path = Base.lproj/Main.storyboard; sourceTree = "<group>"; };
		3FF3E9CB28921F4100B0F962 /* Assets.xcassets */ = {isa = PBXFileReference; lastKnownFileType = folder.assetcatalog; path = Assets.xcassets; sourceTree = "<group>"; };
		3FF3E9CE28921F4100B0F962 /* Base */ = {isa = PBXFileReference; lastKnownFileType = file.storyboard; name = Base; path = Base.lproj/LaunchScreen.storyboard; sourceTree = "<group>"; };
		3FF3E9D028921F4100B0F962 /* Info.plist */ = {isa = PBXFileReference; lastKnownFileType = text.plist.xml; path = Info.plist; sourceTree = "<group>"; };
		3FF3E9ED28930EA500B0F962 /* InfoTableTableViewController.swift */ = {isa = PBXFileReference; lastKnownFileType = sourcecode.swift; path = InfoTableTableViewController.swift; sourceTree = "<group>"; };
		3FF3E9EF28930ECD00B0F962 /* ChoiceViewController.swift */ = {isa = PBXFileReference; lastKnownFileType = sourcecode.swift; path = ChoiceViewController.swift; sourceTree = "<group>"; };
		3FF3E9F128930F4000B0F962 /* Info.swift */ = {isa = PBXFileReference; lastKnownFileType = sourcecode.swift; path = Info.swift; sourceTree = "<group>"; };
		3FF3E9F32893117500B0F962 /* InfoTableViewCell.swift */ = {isa = PBXFileReference; lastKnownFileType = sourcecode.swift; path = InfoTableViewCell.swift; sourceTree = "<group>"; };
/* End PBXFileReference section */

/* Begin PBXFrameworksBuildPhase section */
		3FF3E9BC28921F4100B0F962 /* Frameworks */ = {
			isa = PBXFrameworksBuildPhase;
			buildActionMask = 2147483647;
			files = (
			);
			runOnlyForDeploymentPostprocessing = 0;
		};
/* End PBXFrameworksBuildPhase section */

/* Begin PBXGroup section */
		3FF3E9B628921F4100B0F962 = {
			isa = PBXGroup;
			children = (
				3FF3E9C128921F4100B0F962 /* LIB */,
				3FF3E9C028921F4100B0F962 /* Products */,
			);
			sourceTree = "<group>";
		};
		3FF3E9C028921F4100B0F962 /* Products */ = {
			isa = PBXGroup;
			children = (
				3FF3E9BF28921F4100B0F962 /* LIB.app */,
			);
			name = Products;
			sourceTree = "<group>";
		};
		3FF3E9C128921F4100B0F962 /* LIB */ = {
			isa = PBXGroup;
			children = (
				3FF3E9C228921F4100B0F962 /* AppDelegate.swift */,
				3FF3E9C428921F4100B0F962 /* SceneDelegate.swift */,
				3FF3E9C628921F4100B0F962 /* ViewController.swift */,
				3FF3E9C828921F4100B0F962 /* Main.storyboard */,
				3FF3E9F128930F4000B0F962 /* Info.swift */,
				3FF3E9EF28930ECD00B0F962 /* ChoiceViewController.swift */,
				3FF3E9F32893117500B0F962 /* InfoTableViewCell.swift */,
				3FF3E9ED28930EA500B0F962 /* InfoTableTableViewController.swift */,
				3FF3E9CB28921F4100B0F962 /* Assets.xcassets */,
				3FF3E9CD28921F4100B0F962 /* LaunchScreen.storyboard */,
				3FF3E9D028921F4100B0F962 /* Info.plist */,
			);
			path = LIB;
			sourceTree = "<group>";
		};
/* End PBXGroup section */

/* Begin PBXNativeTarget section */
		3FF3E9BE28921F4100B0F962 /* LIB */ = {
			isa = PBXNativeTarget;
			buildConfigurationList = 3FF3E9D328921F4100B0F962 /* Build configuration list for PBXNativeTarget "LIB" */;
			buildPhases = (
				3FF3E9BB28921F4100B0F962 /* Sources */,
				3FF3E9BC28921F4100B0F962 /* Frameworks */,
				3FF3E9BD28921F4100B0F962 /* Resources */,
			);
			buildRules = (
			);
			dependencies = (
			);
			name = LIB;
			productName = LIB;
			productReference = 3FF3E9BF28921F4100B0F962 /* LIB.app */;
			productType = "com.apple.product-type.application";
		};
/* End PBXNativeTarget section */

/* Begin PBXProject section */
		3FF3E9B728921F4100B0F962 /* Project object */ = {
			isa = PBXProject;
			attributes = {
				BuildIndependentTargetsInParallel = 1;
				LastSwiftUpdateCheck = 1340;
				LastUpgradeCheck = 1340;
				TargetAttributes = {
					3FF3E9BE28921F4100B0F962 = {
						CreatedOnToolsVersion = 13.4.1;
					};
				};
			};
			buildConfigurationList = 3FF3E9BA28921F4100B0F962 /* Build configuration list for PBXProject "LIB" */;
			compatibilityVersion = "Xcode 13.0";
			developmentRegion = en;
			hasScannedForEncodings = 0;
			knownRegions = (
				en,
				Base,
			);
			mainGroup = 3FF3E9B628921F4100B0F962;
			productRefGroup = 3FF3E9C028921F4100B0F962 /* Products */;
			projectDirPath = "";
			projectRoot = "";
			targets = (
				3FF3E9BE28921F4100B0F962 /* LIB */,
			);
		};
/* End PBXProject section */

/* Begin PBXResourcesBuildPhase section */
		3FF3E9BD28921F4100B0F962 /* Resources */ = {
			isa = PBXResourcesBuildPhase;
			buildActionMask = 2147483647;
			files = (
				3FF3E9CF28921F4100B0F962 /* LaunchScreen.storyboard in Resources */,
				3FF3E9CC28921F4100B0F962 /* Assets.xcassets in Resources */,
				3FF3E9CA28921F4100B0F962 /* Main.storyboard in Resources */,
			);
			runOnlyForDeploymentPostprocessing = 0;
		};
/* End PBXResourcesBuildPhase section */

/* Begin PBXSourcesBuildPhase section */
		3FF3E9BB28921F4100B0F962 /* Sources */ = {
			isa = PBXSourcesBuildPhase;
			buildActionMask = 2147483647;
			files = (
				3FF3E9EE28930EA500B0F962 /* InfoTableTableViewController.swift in Sources */,
				3FF3E9C728921F4100B0F962 /* ViewController.swift in Sources */,
				3FF3E9F028930ECD00B0F962 /* ChoiceViewController.swift in Sources */,
				3FF3E9F228930F4000B0F962 /* Info.swift in Sources */,
				3FF3E9F42893117500B0F962 /* InfoTableViewCell.swift in Sources */,
				3FF3E9C328921F4100B0F962 /* AppDelegate.swift in Sources */,
				3FF3E9C528921F4100B0F962 /* SceneDelegate.swift in Sources */,
			);
			runOnlyForDeploymentPostprocessing = 0;
		};
/* End PBXSourcesBuildPhase section */

/* Begin PBXVariantGroup section */
		3FF3E9C828921F4100B0F962 /* Main.storyboard */ = {
			isa = PBXVariantGroup;
			children = (
				3FF3E9C928921F4100B0F962 /* Base */,
			);
			name = Main.storyboard;
			sourceTree = "<group>";
		};
		3FF3E9CD28921F4100B0F962 /* LaunchScreen.storyboard */ = {
			isa = PBXVariantGroup;
			children = (
				3FF3E9CE28921F4100B0F962 /* Base */,
			);
			name = LaunchScreen.storyboard;
			sourceTree = "<group>";
		};
/* End PBXVariantGroup section */

/* Begin XCBuildConfiguration section */
		3FF3E9D128921F4100B0F962 /* Debug */ = {
			isa = XCBuildConfiguration;
			buildSettings = {
				ALWAYS_SEARCH_USER_PATHS = NO;
				CLANG_ANALYZER_NONNULL = YES;
				CLANG_ANALYZER_NUMBER_OBJECT_CONVERSION = YES_AGGRESSIVE;
				CLANG_CXX_LANGUAGE_STANDARD = "gnu++17";
				CLANG_ENABLE_MODULES = YES;
				CLANG_ENABLE_OBJC_ARC = YES;
				CLANG_ENABLE_OBJC_WEAK = YES;
				CLANG_WARN_BLOCK_CAPTURE_AUTORELEASING = YES;
				CLANG_WARN_BOOL_CONVERSION = YES;
				CLANG_WARN_COMMA = YES;
				CLANG_WARN_CONSTANT_CONVERSION = YES;
				CLANG_WARN_DEPRECATED_OBJC_IMPLEMENTATIONS = YES;
				CLANG_WARN_DIRECT_OBJC_ISA_USAGE = YES_ERROR;
				CLANG_WARN_DOCUMENTATION_COMMENTS = YES;
				CLANG_WARN_EMPTY_BODY = YES;
				CLANG_WARN_ENUM_CONVERSION = YES;
				CLANG_WARN_INFINITE_RECURSION = YES;
				CLANG_WARN_INT_CONVERSION = YES;
				CLANG_WARN_NON_LITERAL_NULL_CONVERSION = YES;
				CLANG_WARN_OBJC_IMPLICIT_RETAIN_SELF = YES;
				CLANG_WARN_OBJC_LITERAL_CONVERSION = YES;
				CLANG_WARN_OBJC_ROOT_CLASS = YES_ERROR;
				CLANG_WARN_QUOTED_INCLUDE_IN_FRAMEWORK_HEADER = YES;
				CLANG_WARN_RANGE_LOOP_ANALYSIS = YES;
				CLANG_WARN_STRICT_PROTOTYPES = YES;
				CLANG_WARN_SUSPICIOUS_MOVE = YES;
				CLANG_WARN_UNGUARDED_AVAILABILITY = YES_AGGRESSIVE;
				CLANG_WARN_UNREACHABLE_CODE = YES;
				CLANG_WARN__DUPLICATE_METHOD_MATCH = YES;
				COPY_PHASE_STRIP = NO;
				DEBUG_INFORMATION_FORMAT = dwarf;
				ENABLE_STRICT_OBJC_MSGSEND = YES;
				ENABLE_TESTABILITY = YES;
				GCC_C_LANGUAGE_STANDARD = gnu11;
				GCC_DYNAMIC_NO_PIC = NO;
				GCC_NO_COMMON_BLOCKS = YES;
				GCC_OPTIMIZATION_LEVEL = 0;
				GCC_PREPROCESSOR_DEFINITIONS = (
					"DEBUG=1",
					"$(inherited)",
				);
				GCC_WARN_64_TO_32_BIT_CONVERSION = YES;
				GCC_WARN_ABOUT_RETURN_TYPE = YES_ERROR;
				GCC_WARN_UNDECLARED_SELECTOR = YES;
				GCC_WARN_UNINITIALIZED_AUTOS = YES_AGGRESSIVE;
				GCC_WARN_UNUSED_FUNCTION = YES;
				GCC_WARN_UNUSED_VARIABLE = YES;
				IPHONEOS_DEPLOYMENT_TARGET = 15.5;
				MTL_ENABLE_DEBUG_INFO = INCLUDE_SOURCE;
				MTL_FAST_MATH = YES;
				ONLY_ACTIVE_ARCH = YES;
				SDKROOT = iphoneos;
				SWIFT_ACTIVE_COMPILATION_CONDITIONS = DEBUG;
				SWIFT_OPTIMIZATION_LEVEL = "-Onone";
			};
			name = Debug;
		};
		3FF3E9D228921F4100B0F962 /* Release */ = {
			isa = XCBuildConfiguration;
			buildSettings = {
				ALWAYS_SEARCH_USER_PATHS = NO;
				CLANG_ANALYZER_NONNULL = YES;
				CLANG_ANALYZER_NUMBER_OBJECT_CONVERSION = YES_AGGRESSIVE;
				CLANG_CXX_LANGUAGE_STANDARD = "gnu++17";
				CLANG_ENABLE_MODULES = YES;
				CLANG_ENABLE_OBJC_ARC = YES;
				CLANG_ENABLE_OBJC_WEAK = YES;
				CLANG_WARN_BLOCK_CAPTURE_AUTORELEASING = YES;
				CLANG_WARN_BOOL_CONVERSION = YES;
				CLANG_WARN_COMMA = YES;
				CLANG_WARN_CONSTANT_CONVERSION = YES;
				CLANG_WARN_DEPRECATED_OBJC_IMPLEMENTATIONS = YES;
				CLANG_WARN_DIRECT_OBJC_ISA_USAGE = YES_ERROR;
				CLANG_WARN_DOCUMENTATION_COMMENTS = YES;
				CLANG_WARN_EMPTY_BODY = YES;
				CLANG_WARN_ENUM_CONVERSION = YES;
				CLANG_WARN_INFINITE_RECURSION = YES;
				CLANG_WARN_INT_CONVERSION = YES;
				CLANG_WARN_NON_LITERAL_NULL_CONVERSION = YES;
				CLANG_WARN_OBJC_IMPLICIT_RETAIN_SELF = YES;
				CLANG_WARN_OBJC_LITERAL_CONVERSION = YES;
				CLANG_WARN_OBJC_ROOT_CLASS = YES_ERROR;
				CLANG_WARN_QUOTED_INCLUDE_IN_FRAMEWORK_HEADER = YES;
				CLANG_WARN_RANGE_LOOP_ANALYSIS = YES;
				CLANG_WARN_STRICT_PROTOTYPES = YES;
				CLANG_WARN_SUSPICIOUS_MOVE = YES;
				CLANG_WARN_UNGUARDED_AVAILABILITY = YES_AGGRESSIVE;
				CLANG_WARN_UNREACHABLE_CODE = YES;
				CLANG_WARN__DUPLICATE_METHOD_MATCH = YES;
				COPY_PHASE_STRIP = NO;
				DEBUG_INFORMATION_FORMAT = "dwarf-with-dsym";
				ENABLE_NS_ASSERTIONS = NO;
				ENABLE_STRICT_OBJC_MSGSEND = YES;
				GCC_C_LANGUAGE_STANDARD = gnu11;
				GCC_NO_COMMON_BLOCKS = YES;
				GCC_WARN_64_TO_32_BIT_CONVERSION = YES;
				GCC_WARN_ABOUT_RETURN_TYPE = YES_ERROR;
				GCC_WARN_UNDECLARED_SELECTOR = YES;
				GCC_WARN_UNINITIALIZED_AUTOS = YES_AGGRESSIVE;
				GCC_WARN_UNUSED_FUNCTION = YES;
				GCC_WARN_UNUSED_VARIABLE = YES;
				IPHONEOS_DEPLOYMENT_TARGET = 15.5;
				MTL_ENABLE_DEBUG_INFO = NO;
				MTL_FAST_MATH = YES;
				SDKROOT = iphoneos;
				SWIFT_COMPILATION_MODE = wholemodule;
				SWIFT_OPTIMIZATION_LEVEL = "-O";
				VALIDATE_PRODUCT = YES;
			};
			name = Release;
		};
		3FF3E9D428921F4100B0F962 /* Debug */ = {
			isa = XCBuildConfiguration;
			buildSettings = {
				ASSETCATALOG_COMPILER_APPICON_NAME = AppIcon;
				ASSETCATALOG_COMPILER_GLOBAL_ACCENT_COLOR_NAME = AccentColor;
				CODE_SIGN_STYLE = Automatic;
				CURRENT_PROJECT_VERSION = 1;
				GENERATE_INFOPLIST_FILE = YES;
				INFOPLIST_FILE = LIB/Info.plist;
				INFOPLIST_KEY_UIApplicationSupportsIndirectInputEvents = YES;
				INFOPLIST_KEY_UILaunchStoryboardName = LaunchScreen;
				INFOPLIST_KEY_UIMainStoryboardFile = Main;
				INFOPLIST_KEY_UISupportedInterfaceOrientations_iPad = "UIInterfaceOrientationPortrait UIInterfaceOrientationPortraitUpsideDown UIInterfaceOrientationLandscapeLeft UIInterfaceOrientationLandscapeRight";
				INFOPLIST_KEY_UISupportedInterfaceOrientations_iPhone = "UIInterfaceOrientationPortrait UIInterfaceOrientationLandscapeLeft UIInterfaceOrientationLandscapeRight";
				LD_RUNPATH_SEARCH_PATHS = (
					"$(inherited)",
					"@executable_path/Frameworks",
				);
				MARKETING_VERSION = 1.0;
				PRODUCT_BUNDLE_IDENTIFIER = com.group2.LIB;
				PRODUCT_NAME = "$(TARGET_NAME)";
				SWIFT_EMIT_LOC_STRINGS = YES;
				SWIFT_VERSION = 5.0;
				TARGETED_DEVICE_FAMILY = "1,2";
			};
			name = Debug;
		};
		3FF3E9D528921F4100B0F962 /* Release */ = {
			isa = XCBuildConfiguration;
			buildSettings = {
				ASSETCATALOG_COMPILER_APPICON_NAME = AppIcon;
				ASSETCATALOG_COMPILER_GLOBAL_ACCENT_COLOR_NAME = AccentColor;
				CODE_SIGN_STYLE = Automatic;
				CURRENT_PROJECT_VERSION = 1;
				GENERATE_INFOPLIST_FILE = YES;
				INFOPLIST_FILE = LIB/Info.plist;
				INFOPLIST_KEY_UIApplicationSupportsIndirectInputEvents = YES;
				INFOPLIST_KEY_UILaunchStoryboardName = LaunchScreen;
				INFOPLIST_KEY_UIMainStoryboardFile = Main;
				INFOPLIST_KEY_UISupportedInterfaceOrientations_iPad = "UIInterfaceOrientationPortrait UIInterfaceOrientationPortraitUpsideDown UIInterfaceOrientationLandscapeLeft UIInterfaceOrientationLandscapeRight";
				INFOPLIST_KEY_UISupportedInterfaceOrientations_iPhone = "UIInterfaceOrientationPortrait UIInterfaceOrientationLandscapeLeft UIInterfaceOrientationLandscapeRight";
				LD_RUNPATH_SEARCH_PATHS = (
					"$(inherited)",
					"@executable_path/Frameworks",
				);
				MARKETING_VERSION = 1.0;
				PRODUCT_BUNDLE_IDENTIFIER = com.group2.LIB;
				PRODUCT_NAME = "$(TARGET_NAME)";
				SWIFT_EMIT_LOC_STRINGS = YES;
				SWIFT_VERSION = 5.0;
				TARGETED_DEVICE_FAMILY = "1,2";
			};
			name = Release;
		};
/* End XCBuildConfiguration section */

/* Begin XCConfigurationList section */
		3FF3E9BA28921F4100B0F962 /* Build configuration list for PBXProject "LIB" */ = {
			isa = XCConfigurationList;
			buildConfigurations = (
				3FF3E9D128921F4100B0F962 /* Debug */,
				3FF3E9D228921F4100B0F962 /* Release */,
			);
			defaultConfigurationIsVisible = 0;
			defaultConfigurationName = Release;
		};
		3FF3E9D328921F4100B0F962 /* Build configuration list for PBXNativeTarget "LIB" */ = {
			isa = XCConfigurationList;
			buildConfigurations = (
				3FF3E9D428921F4100B0F962 /* Debug */,
				3FF3E9D528921F4100B0F962 /* Release */,
			);
			defaultConfigurationIsVisible = 0;
			defaultConfigurationName = Release;
		};
/* End XCConfigurationList section */
	};
	rootObject = 3FF3E9B728921F4100B0F962 /* Project object */;
}
